// !$*UTF8*$!
{
	archiveVersion = 1;
	objectVersion = 56;
	objects = {

/* Begin PBXBuildFile section */
		A00000010000000000000001 /* TokidachiMacApp.swift in Sources */ = {isa = PBXBuildFile; fileRef = A00000110000000000000001 /* TokidachiMacApp.swift */; };
		A00000010000000000000002 /* CollectorContract.swift in Sources */ = {isa = PBXBuildFile; fileRef = A00000110000000000000002 /* CollectorContract.swift */; };
		A00000010000000000000003 /* CollectorReader.swift in Sources */ = {isa = PBXBuildFile; fileRef = A00000110000000000000003 /* CollectorReader.swift */; };
		A00000010000000000000004 /* DashboardModel.swift in Sources */ = {isa = PBXBuildFile; fileRef = A00000110000000000000004 /* DashboardModel.swift */; };
		A00000010000000000000005 /* DashboardView.swift in Sources */ = {isa = PBXBuildFile; fileRef = A00000110000000000000005 /* DashboardView.swift */; };
/* End PBXBuildFile section */

/* Begin PBXFileReference section */
		A00000100000000000000000 /* TokidachiMac.app */ = {isa = PBXFileReference; explicitFileType = wrapper.application; includeInIndex = 0; path = TokidachiMac.app; sourceTree = BUILT_PRODUCTS_DIR; };
		A00000110000000000000001 /* TokidachiMacApp.swift */ = {isa = PBXFileReference; lastKnownFileType = sourcecode.swift; path = TokidachiMacApp.swift; sourceTree = "<group>"; };
		A00000110000000000000002 /* CollectorContract.swift */ = {isa = PBXFileReference; lastKnownFileType = sourcecode.swift; path = CollectorContract.swift; sourceTree = "<group>"; };
		A00000110000000000000003 /* CollectorReader.swift */ = {isa = PBXFileReference; lastKnownFileType = sourcecode.swift; path = CollectorReader.swift; sourceTree = "<group>"; };
		A00000110000000000000004 /* DashboardModel.swift */ = {isa = PBXFileReference; lastKnownFileType = sourcecode.swift; path = DashboardModel.swift; sourceTree = "<group>"; };
		A00000110000000000000005 /* DashboardView.swift */ = {isa = PBXFileReference; lastKnownFileType = sourcecode.swift; path = DashboardView.swift; sourceTree = "<group>"; };
/* End PBXFileReference section */

/* Begin PBXFrameworksBuildPhase section */
		A00000200000000000000001 /* Frameworks */ = {isa = PBXFrameworksBuildPhase; buildActionMask = 2147483647; files = (); runOnlyForDeploymentPostprocessing = 0; };
/* End PBXFrameworksBuildPhase section */

/* Begin PBXGroup section */
		A00000300000000000000001 = {isa = PBXGroup; children = (A00000300000000000000002, A00000300000000000000003, A00000300000000000000004,); sourceTree = "<group>"; };
		A00000300000000000000002 /* TokidachiMac */ = {isa = PBXGroup; children = (A00000110000000000000001, A00000110000000000000002, A00000110000000000000003, A00000110000000000000004, A00000110000000000000005,); path = Sources/TokidachiMac; sourceTree = "<group>"; };
		A00000300000000000000003 /* Products */ = {isa = PBXGroup; children = (A00000100000000000000000,); name = Products; sourceTree = "<group>"; };
		A00000300000000000000004 /* TokidachiMac */ = {isa = PBXGroup; children = (); path = TokidachiMac; sourceTree = "<group>"; };
/* End PBXGroup section */

/* Begin PBXNativeTarget section */
		A00000400000000000000001 /* TokidachiMac */ = {isa = PBXNativeTarget; buildConfigurationList = A00000600000000000000001; buildPhases = (A00000200000000000000002, A00000200000000000000001, A00000200000000000000003,); buildRules = (); dependencies = (); name = TokidachiMac; productName = TokidachiMac; productReference = A00000100000000000000000; productType = "com.apple.product-type.application"; };
/* End PBXNativeTarget section */

/* Begin PBXProject section */
		A00000500000000000000001 /* Project object */ = {isa = PBXProject; attributes = {LastUpgradeCheck = 1600; TargetAttributes = {A00000400000000000000001 = {CreatedOnToolsVersion = 16.0;};};}; buildConfigurationList = A00000600000000000000002; compatibilityVersion = "Xcode 14.0"; developmentRegion = en; hasScannedForEncodings = 0; knownRegions = (en,); mainGroup = A00000300000000000000001; productRefGroup = A00000300000000000000003; projectDirPath = ""; projectRoot = ""; targets = (A00000400000000000000001,); };
/* End PBXProject section */

/* Begin PBXResourcesBuildPhase section */
		A00000200000000000000002 /* Sources */ = {isa = PBXSourcesBuildPhase; buildActionMask = 2147483647; files = (A00000010000000000000001, A00000010000000000000002, A00000010000000000000003, A00000010000000000000004, A00000010000000000000005,); runOnlyForDeploymentPostprocessing = 0; };
		A00000200000000000000003 /* Resources */ = {isa = PBXResourcesBuildPhase; buildActionMask = 2147483647; files = (); runOnlyForDeploymentPostprocessing = 0; };
/* End PBXResourcesBuildPhase section */

/* Begin XCBuildConfiguration section */
		A00000700000000000000001 /* Debug */ = {isa = XCBuildConfiguration; buildSettings = {GENERATE_INFOPLIST_FILE = YES; MACOSX_DEPLOYMENT_TARGET = 13.0; PRODUCT_BUNDLE_IDENTIFIER = io.github.gaalbu.tokidachiMac; PRODUCT_NAME = "$(TARGET_NAME)"; SWIFT_VERSION = 5.9; }; name = Debug; };
		A00000700000000000000002 /* Release */ = {isa = XCBuildConfiguration; buildSettings = {GENERATE_INFOPLIST_FILE = YES; MACOSX_DEPLOYMENT_TARGET = 13.0; PRODUCT_BUNDLE_IDENTIFIER = io.github.gaalbu.tokidachiMac; PRODUCT_NAME = "$(TARGET_NAME)"; SWIFT_VERSION = 5.9; }; name = Release; };
		A00000700000000000000003 /* Project Debug */ = {isa = XCBuildConfiguration; buildSettings = {MACOSX_DEPLOYMENT_TARGET = 13.0; SWIFT_VERSION = 5.9; }; name = Debug; };
		A00000700000000000000004 /* Project Release */ = {isa = XCBuildConfiguration; buildSettings = {MACOSX_DEPLOYMENT_TARGET = 13.0; SWIFT_VERSION = 5.9; }; name = Release; };
/* End XCBuildConfiguration section */

/* Begin XCConfigurationList section */
		A00000600000000000000001 /* Target configs */ = {isa = XCConfigurationList; buildConfigurations = (A00000700000000000000001, A00000700000000000000002,); defaultConfigurationIsVisible = 0; defaultConfigurationName = Release; };
		A00000600000000000000002 /* Project configs */ = {isa = XCConfigurationList; buildConfigurations = (A00000700000000000000003, A00000700000000000000004,); defaultConfigurationIsVisible = 0; defaultConfigurationName = Release; };
/* End XCConfigurationList section */
	};
	rootObject = A00000500000000000000001 /* Project object */;
}
